
Microsoft Visual Studio Solution File, Format Version 12.00
# Visual Studio Version 17
VisualStudioVersion = 17.8.34316.72
MinimumVisualStudioVersion = 10.0.40219.1
Project("{FAE04EC0-301F-11D3-BF4B-00C04F79EFBC}") = "Space", "Space.csproj", "{75C6FA03-64A9-4B41-85C7-782F4C4729EE}"
EndProject
Global
	GlobalSection(SolutionConfigurationPlatforms) = preSolution
		Debug|Any CPU = Debug|Any CPU
		Release|Any CPU = Release|Any CPU
	EndGlobalSection
	GlobalSection(ProjectConfigurationPlatforms) = postSolution
		{75C6FA03-64A9-4B41-85C7-782F4C4729EE}.Debug|Any CPU.ActiveCfg = Debug|Any CPU
		{75C6FA03-64A9-4B41-85C7-782F4C4729EE}.Debug|Any CPU.Build.0 = Debug|Any CPU
		{75C6FA03-64A9-4B41-85C7-782F4C4729EE}.Release|Any CPU.ActiveCfg = Release|Any CPU
		{75C6FA03-64A9-4B41-85C7-782F4C4729EE}.Release|Any CPU.Build.0 = Release|Any CPU
	EndGlobalSection
	GlobalSection(SolutionProperties) = preSolution
		HideSolutionNode = FALSE
	EndGlobalSection
	GlobalSection(ExtensibilityGlobals) = postSolution
		SolutionGuid = {0DC91A21-877B-4A97-B132-74F1C6C2FFD9}
	EndGlobalSection
EndGlobal
